
Microsoft Visual Studio Solution File, Format Version 12.00
# Visual Studio Version 16
VisualStudioVersion = 16.0.29411.108
MinimumVisualStudioVersion = 10.0.40219.1
Project("{FAE04EC0-301F-11D3-BF4B-00C04F79EFBC}") = "javon-project1", "javon-project1\javon-project1.csproj", "{D367C7DD-676F-45D3-9013-E941919E9B2B}"
EndProject
Global
	GlobalSection(SolutionConfigurationPlatforms) = preSolution
		Debug|Any CPU = Debug|Any CPU
		Release|Any CPU = Release|Any CPU
	EndGlobalSection
	GlobalSection(ProjectConfigurationPlatforms) = postSolution
		{D367C7DD-676F-45D3-9013-E941919E9B2B}.Debug|Any CPU.ActiveCfg = Debug|Any CPU
		{D367C7DD-676F-45D3-9013-E941919E9B2B}.Debug|Any CPU.Build.0 = Debug|Any CPU
		{D367C7DD-676F-45D3-9013-E941919E9B2B}.Release|Any CPU.ActiveCfg = Release|Any CPU
		{D367C7DD-676F-45D3-9013-E941919E9B2B}.Release|Any CPU.Build.0 = Release|Any CPU
	EndGlobalSection
	GlobalSection(SolutionProperties) = preSolution
		HideSolutionNode = FALSE
	EndGlobalSection
	GlobalSection(ExtensibilityGlobals) = postSolution
		SolutionGuid = {38FF8195-DDD8-49ED-BFFF-193DD4F94354}
	EndGlobalSection
EndGlobal
